
Microsoft Visual Studio Solution File, Format Version 12.00
# Visual Studio Version 17
VisualStudioVersion = 17.6.33815.320
MinimumVisualStudioVersion = 10.0.40219.1
Project("{FAE04EC0-301F-11D3-BF4B-00C04F79EFBC}") = "Business", "Business\Business.csproj", "{8A8817C1-FF19-4293-B360-1932B811863B}"
EndProject
Project("{FAE04EC0-301F-11D3-BF4B-00C04F79EFBC}") = "Entities", "Entities\Entities.csproj", "{35F6701E-5A59-4DC8-86B6-BA8E02E751FC}"
EndProject
Project("{FAE04EC0-301F-11D3-BF4B-00C04F79EFBC}") = "DataAccess", "DataAccess\DataAccess.csproj", "{184454C2-27F1-4F0E-B6E1-E1FAB477EFC4}"
EndProject
Project("{FAE04EC0-301F-11D3-BF4B-00C04F79EFBC}") = "Web_UI", "Web_UI\Web_UI.csproj", "{DB7E1649-DC0E-4A9D-AFA9-F31724308E09}"
EndProject
Global
	GlobalSection(SolutionConfigurationPlatforms) = preSolution
		Debug|Any CPU = Debug|Any CPU
		Release|Any CPU = Release|Any CPU
	EndGlobalSection
	GlobalSection(ProjectConfigurationPlatforms) = postSolution
		{8A8817C1-FF19-4293-B360-1932B811863B}.Debug|Any CPU.ActiveCfg = Debug|Any CPU
		{8A8817C1-FF19-4293-B360-1932B811863B}.Debug|Any CPU.Build.0 = Debug|Any CPU
		{8A8817C1-FF19-4293-B360-1932B811863B}.Release|Any CPU.ActiveCfg = Release|Any CPU
		{8A8817C1-FF19-4293-B360-1932B811863B}.Release|Any CPU.Build.0 = Release|Any CPU
		{35F6701E-5A59-4DC8-86B6-BA8E02E751FC}.Debug|Any CPU.ActiveCfg = Debug|Any CPU
		{35F6701E-5A59-4DC8-86B6-BA8E02E751FC}.Debug|Any CPU.Build.0 = Debug|Any CPU
		{35F6701E-5A59-4DC8-86B6-BA8E02E751FC}.Release|Any CPU.ActiveCfg = Release|Any CPU
		{35F6701E-5A59-4DC8-86B6-BA8E02E751FC}.Release|Any CPU.Build.0 = Release|Any CPU
		{184454C2-27F1-4F0E-B6E1-E1FAB477EFC4}.Debug|Any CPU.ActiveCfg = Debug|Any CPU
		{184454C2-27F1-4F0E-B6E1-E1FAB477EFC4}.Debug|Any CPU.Build.0 = Debug|Any CPU
		{184454C2-27F1-4F0E-B6E1-E1FAB477EFC4}.Release|Any CPU.ActiveCfg = Release|Any CPU
		{184454C2-27F1-4F0E-B6E1-E1FAB477EFC4}.Release|Any CPU.Build.0 = Release|Any CPU
		{DB7E1649-DC0E-4A9D-AFA9-F31724308E09}.Debug|Any CPU.ActiveCfg = Debug|Any CPU
		{DB7E1649-DC0E-4A9D-AFA9-F31724308E09}.Debug|Any CPU.Build.0 = Debug|Any CPU
		{DB7E1649-DC0E-4A9D-AFA9-F31724308E09}.Release|Any CPU.ActiveCfg = Release|Any CPU
		{DB7E1649-DC0E-4A9D-AFA9-F31724308E09}.Release|Any CPU.Build.0 = Release|Any CPU
	EndGlobalSection
	GlobalSection(SolutionProperties) = preSolution
		HideSolutionNode = FALSE
	EndGlobalSection
	GlobalSection(ExtensibilityGlobals) = postSolution
		SolutionGuid = {EB675B1B-E956-40F9-9F0E-5A805A2B3CAD}
	EndGlobalSection
EndGlobal
